# This file is automatically @generated by Cargo.
# It is not intended for manual editing.
version = 4

[[package]]
name = "point-oc"
version = "0.1.0"
dependencies = [
 "sci-rs",
]

[[package]]
name = "sci-rs"
version = "0.1.0"
source = "git+https://github.com/ctiedt/rasta-rs#7664b389ed4626a4aaa9c7e94472cf582be14747"
